// !$*UTF8*$!
{
	archiveVersion = 1;
	classes = {
	};
	objectVersion = 50;
	objects = {

/* Begin PBXBuildFile section */
		E6F153FE23195B2D00AE5316 /* AppDelegate.swift in Sources */ = {isa = PBXBuildFile; fileRef = E6F153FD23195B2D00AE5316 /* AppDelegate.swift */; };
		E6F1540023195B2D00AE5316 /* FirstViewController.swift in Sources */ = {isa = PBXBuildFile; fileRef = E6F153FF23195B2D00AE5316 /* FirstViewController.swift */; };
		E6F1540223195B2D00AE5316 /* SecondViewController.swift in Sources */ = {isa = PBXBuildFile; fileRef = E6F1540123195B2D00AE5316 /* SecondViewController.swift */; };
		E6F1540523195B2D00AE5316 /* Main.storyboard in Resources */ = {isa = PBXBuildFile; fileRef = E6F1540323195B2D00AE5316 /* Main.storyboard */; };
		E6F1540723195B2E00AE5316 /* Assets.xcassets in Resources */ = {isa = PBXBuildFile; fileRef = E6F1540623195B2E00AE5316 /* Assets.xcassets */; };
		E6F1540A23195B2E00AE5316 /* LaunchScreen.storyboard in Resources */ = {isa = PBXBuildFile; fileRef = E6F1540823195B2E00AE5316 /* LaunchScreen.storyboard */; };
		E6F1541523195B2E00AE5316 /* DataStoreTrialTests.swift in Sources */ = {isa = PBXBuildFile; fileRef = E6F1541423195B2E00AE5316 /* DataStoreTrialTests.swift */; };
/* End PBXBuildFile section */

/* Begin PBXContainerItemProxy section */
		E6F1541123195B2E00AE5316 /* PBXContainerItemProxy */ = {
			isa = PBXContainerItemProxy;
			containerPortal = E6F153F223195B2D00AE5316 /* Project object */;
			proxyType = 1;
			remoteGlobalIDString = E6F153F923195B2D00AE5316;
			remoteInfo = DataStoreTrial;
		};
/* End PBXContainerItemProxy section */

/* Begin PBXFileReference section */
		E6F153FA23195B2D00AE5316 /* DataStoreTrial.app */ = {isa = PBXFileReference; explicitFileType = wrapper.application; includeInIndex = 0; path = DataStoreTrial.app; sourceTree = BUILT_PRODUCTS_DIR; };
		E6F153FD23195B2D00AE5316 /* AppDelegate.swift */ = {isa = PBXFileReference; lastKnownFileType = sourcecode.swift; path = AppDelegate.swift; sourceTree = "<group>"; };
		E6F153FF23195B2D00AE5316 /* FirstViewController.swift */ = {isa = PBXFileReference; lastKnownFileType = sourcecode.swift; path = FirstViewController.swift; sourceTree = "<group>"; };
		E6F1540123195B2D00AE5316 /* SecondViewController.swift */ = {isa = PBXFileReference; lastKnownFileType = sourcecode.swift; path = SecondViewController.swift; sourceTree = "<group>"; };
		E6F1540423195B2D00AE5316 /* Base */ = {isa = PBXFileReference; lastKnownFileType = file.storyboard; name = Base; path = Base.lproj/Main.storyboard; sourceTree = "<group>"; };
		E6F1540623195B2E00AE5316 /* Assets.xcassets */ = {isa = PBXFileReference; lastKnownFileType = folder.assetcatalog; path = Assets.xcassets; sourceTree = "<group>"; };
		E6F1540923195B2E00AE5316 /* Base */ = {isa = PBXFileReference; lastKnownFileType = file.storyboard; name = Base; path = Base.lproj/LaunchScreen.storyboard; sourceTree = "<group>"; };
		E6F1540B23195B2E00AE5316 /* Info.plist */ = {isa = PBXFileReference; lastKnownFileType = text.plist.xml; path = Info.plist; sourceTree = "<group>"; };
		E6F1541023195B2E00AE5316 /* DataStoreTrialTests.xctest */ = {isa = PBXFileReference; explicitFileType = wrapper.cfbundle; includeInIndex = 0; path = DataStoreTrialTests.xctest; sourceTree = BUILT_PRODUCTS_DIR; };
		E6F1541423195B2E00AE5316 /* DataStoreTrialTests.swift */ = {isa = PBXFileReference; lastKnownFileType = sourcecode.swift; path = DataStoreTrialTests.swift; sourceTree = "<group>"; };
		E6F1541623195B2E00AE5316 /* Info.plist */ = {isa = PBXFileReference; lastKnownFileType = text.plist.xml; path = Info.plist; sourceTree = "<group>"; };
/* End PBXFileReference section */

/* Begin PBXFrameworksBuildPhase section */
		E6F153F723195B2D00AE5316 /* Frameworks */ = {
			isa = PBXFrameworksBuildPhase;
			buildActionMask = 2147483647;
			files = (
			);
			runOnlyForDeploymentPostprocessing = 0;
		};
		E6F1540D23195B2E00AE5316 /* Frameworks */ = {
			isa = PBXFrameworksBuildPhase;
			buildActionMask = 2147483647;
			files = (
			);
			runOnlyForDeploymentPostprocessing = 0;
		};
/* End PBXFrameworksBuildPhase section */

/* Begin PBXGroup section */
		E6F153F123195B2D00AE5316 = {
			isa = PBXGroup;
			children = (
				E6F153FC23195B2D00AE5316 /* DataStoreTrial */,
				E6F1541323195B2E00AE5316 /* DataStoreTrialTests */,
				E6F153FB23195B2D00AE5316 /* Products */,
			);
			sourceTree = "<group>";
		};
		E6F153FB23195B2D00AE5316 /* Products */ = {
			isa = PBXGroup;
			children = (
				E6F153FA23195B2D00AE5316 /* DataStoreTrial.app */,
				E6F1541023195B2E00AE5316 /* DataStoreTrialTests.xctest */,
			);
			name = Products;
			sourceTree = "<group>";
		};
		E6F153FC23195B2D00AE5316 /* DataStoreTrial */ = {
			isa = PBXGroup;
			children = (
				E6F153FD23195B2D00AE5316 /* AppDelegate.swift */,
				E6F153FF23195B2D00AE5316 /* FirstViewController.swift */,
				E6F1540123195B2D00AE5316 /* SecondViewController.swift */,
				E6F1540323195B2D00AE5316 /* Main.storyboard */,
				E6F1540623195B2E00AE5316 /* Assets.xcassets */,
				E6F1540823195B2E00AE5316 /* LaunchScreen.storyboard */,
				E6F1540B23195B2E00AE5316 /* Info.plist */,
			);
			path = DataStoreTrial;
			sourceTree = "<group>";
		};
		E6F1541323195B2E00AE5316 /* DataStoreTrialTests */ = {
			isa = PBXGroup;
			children = (
				E6F1541423195B2E00AE5316 /* DataStoreTrialTests.swift */,
				E6F1541623195B2E00AE5316 /* Info.plist */,
			);
			path = DataStoreTrialTests;
			sourceTree = "<group>";
		};
/* End PBXGroup section */

/* Begin PBXNativeTarget section */
		E6F153F923195B2D00AE5316 /* DataStoreTrial */ = {
			isa = PBXNativeTarget;
			buildConfigurationList = E6F1541923195B2E00AE5316 /* Build configuration list for PBXNativeTarget "DataStoreTrial" */;
			buildPhases = (
				E6F153F623195B2D00AE5316 /* Sources */,
				E6F153F723195B2D00AE5316 /* Frameworks */,
				E6F153F823195B2D00AE5316 /* Resources */,
			);
			buildRules = (
			);
			dependencies = (
			);
			name = DataStoreTrial;
			productName = DataStoreTrial;
			productReference = E6F153FA23195B2D00AE5316 /* DataStoreTrial.app */;
			productType = "com.apple.product-type.application";
		};
		E6F1540F23195B2E00AE5316 /* DataStoreTrialTests */ = {
			isa = PBXNativeTarget;
			buildConfigurationList = E6F1541C23195B2E00AE5316 /* Build configuration list for PBXNativeTarget "DataStoreTrialTests" */;
			buildPhases = (
				E6F1540C23195B2E00AE5316 /* Sources */,
				E6F1540D23195B2E00AE5316 /* Frameworks */,
				E6F1540E23195B2E00AE5316 /* Resources */,
			);
			buildRules = (
			);
			dependencies = (
				E6F1541223195B2E00AE5316 /* PBXTargetDependency */,
			);
			name = DataStoreTrialTests;
			productName = DataStoreTrialTests;
			productReference = E6F1541023195B2E00AE5316 /* DataStoreTrialTests.xctest */;
			productType = "com.apple.product-type.bundle.unit-test";
		};
/* End PBXNativeTarget section */

/* Begin PBXProject section */
		E6F153F223195B2D00AE5316 /* Project object */ = {
			isa = PBXProject;
			attributes = {
				LastSwiftUpdateCheck = 1030;
				LastUpgradeCheck = 1030;
				ORGANIZATIONNAME = tayutaedomo.net;
				TargetAttributes = {
					E6F153F923195B2D00AE5316 = {
						CreatedOnToolsVersion = 10.3;
					};
					E6F1540F23195B2E00AE5316 = {
						CreatedOnToolsVersion = 10.3;
						TestTargetID = E6F153F923195B2D00AE5316;
					};
				};
			};
			buildConfigurationList = E6F153F523195B2D00AE5316 /* Build configuration list for PBXProject "DataStoreTrial" */;
			compatibilityVersion = "Xcode 9.3";
			developmentRegion = en;
			hasScannedForEncodings = 0;
			knownRegions = (
				en,
				Base,
			);
			mainGroup = E6F153F123195B2D00AE5316;
			productRefGroup = E6F153FB23195B2D00AE5316 /* Products */;
			projectDirPath = "";
			projectRoot = "";
			targets = (
				E6F153F923195B2D00AE5316 /* DataStoreTrial */,
				E6F1540F23195B2E00AE5316 /* DataStoreTrialTests */,
			);
		};
/* End PBXProject section */

/* Begin PBXResourcesBuildPhase section */
		E6F153F823195B2D00AE5316 /* Resources */ = {
			isa = PBXResourcesBuildPhase;
			buildActionMask = 2147483647;
			files = (
				E6F1540A23195B2E00AE5316 /* LaunchScreen.storyboard in Resources */,
				E6F1540723195B2E00AE5316 /* Assets.xcassets in Resources */,
				E6F1540523195B2D00AE5316 /* Main.storyboard in Resources */,
			);
			runOnlyForDeploymentPostprocessing = 0;
		};
		E6F1540E23195B2E00AE5316 /* Resources */ = {
			isa = PBXResourcesBuildPhase;
			buildActionMask = 2147483647;
			files = (
			);
			runOnlyForDeploymentPostprocessing = 0;
		};
/* End PBXResourcesBuildPhase section */

/* Begin PBXSourcesBuildPhase section */
		E6F153F623195B2D00AE5316 /* Sources */ = {
			isa = PBXSourcesBuildPhase;
			buildActionMask = 2147483647;
			files = (
				E6F1540223195B2D00AE5316 /* SecondViewController.swift in Sources */,
				E6F153FE23195B2D00AE5316 /* AppDelegate.swift in Sources */,
				E6F1540023195B2D00AE5316 /* FirstViewController.swift in Sources */,
			);
			runOnlyForDeploymentPostprocessing = 0;
		};
		E6F1540C23195B2E00AE5316 /* Sources */ = {
			isa = PBXSourcesBuildPhase;
			buildActionMask = 2147483647;
			files = (
				E6F1541523195B2E00AE5316 /* DataStoreTrialTests.swift in Sources */,
			);
			runOnlyForDeploymentPostprocessing = 0;
		};
/* End PBXSourcesBuildPhase section */

/* Begin PBXTargetDependency section */
		E6F1541223195B2E00AE5316 /* PBXTargetDependency */ = {
			isa = PBXTargetDependency;
			target = E6F153F923195B2D00AE5316 /* DataStoreTrial */;
			targetProxy = E6F1541123195B2E00AE5316 /* PBXContainerItemProxy */;
		};
/* End PBXTargetDependency section */

/* Begin PBXVariantGroup section */
		E6F1540323195B2D00AE5316 /* Main.storyboard */ = {
			isa = PBXVariantGroup;
			children = (
				E6F1540423195B2D00AE5316 /* Base */,
			);
			name = Main.storyboard;
			sourceTree = "<group>";
		};
		E6F1540823195B2E00AE5316 /* LaunchScreen.storyboard */ = {
			isa = PBXVariantGroup;
			children = (
				E6F1540923195B2E00AE5316 /* Base */,
			);
			name = LaunchScreen.storyboard;
			sourceTree = "<group>";
		};
/* End PBXVariantGroup section */

/* Begin XCBuildConfiguration section */
		E6F1541723195B2E00AE5316 /* Debug */ = {
			isa = XCBuildConfiguration;
			buildSettings = {
				ALWAYS_SEARCH_USER_PATHS = NO;
				CLANG_ANALYZER_NONNULL = YES;
				CLANG_ANALYZER_NUMBER_OBJECT_CONVERSION = YES_AGGRESSIVE;
				CLANG_CXX_LANGUAGE_STANDARD = "gnu++14";
				CLANG_CXX_LIBRARY = "libc++";
				CLANG_ENABLE_MODULES = YES;
				CLANG_ENABLE_OBJC_ARC = YES;
				CLANG_ENABLE_OBJC_WEAK = YES;
				CLANG_WARN_BLOCK_CAPTURE_AUTORELEASING = YES;
				CLANG_WARN_BOOL_CONVERSION = YES;
				CLANG_WARN_COMMA = YES;
				CLANG_WARN_CONSTANT_CONVERSION = YES;
				CLANG_WARN_DEPRECATED_OBJC_IMPLEMENTATIONS = YES;
				CLANG_WARN_DIRECT_OBJC_ISA_USAGE = YES_ERROR;
				CLANG_WARN_DOCUMENTATION_COMMENTS = YES;
				CLANG_WARN_EMPTY_BODY = YES;
				CLANG_WARN_ENUM_CONVERSION = YES;
				CLANG_WARN_INFINITE_RECURSION = YES;
				CLANG_WARN_INT_CONVERSION = YES;
				CLANG_WARN_NON_LITERAL_NULL_CONVERSION = YES;
				CLANG_WARN_OBJC_IMPLICIT_RETAIN_SELF = YES;
				CLANG_WARN_OBJC_LITERAL_CONVERSION = YES;
				CLANG_WARN_OBJC_ROOT_CLASS = YES_ERROR;
				CLANG_WARN_RANGE_LOOP_ANALYSIS = YES;
				CLANG_WARN_STRICT_PROTOTYPES = YES;
				CLANG_WARN_SUSPICIOUS_MOVE = YES;
				CLANG_WARN_UNGUARDED_AVAILABILITY = YES_AGGRESSIVE;
				CLANG_WARN_UNREACHABLE_CODE = YES;
				CLANG_WARN__DUPLICATE_METHOD_MATCH = YES;
				CODE_SIGN_IDENTITY = "iPhone Developer";
				COPY_PHASE_STRIP = NO;
				DEBUG_INFORMATION_FORMAT = dwarf;
				ENABLE_STRICT_OBJC_MSGSEND = YES;
				ENABLE_TESTABILITY = YES;
				GCC_C_LANGUAGE_STANDARD = gnu11;
				GCC_DYNAMIC_NO_PIC = NO;
				GCC_NO_COMMON_BLOCKS = YES;
				GCC_OPTIMIZATION_LEVEL = 0;
				GCC_PREPROCESSOR_DEFINITIONS = (
					"DEBUG=1",
					"$(inherited)",
				);
				GCC_WARN_64_TO_32_BIT_CONVERSION = YES;
				GCC_WARN_ABOUT_RETURN_TYPE = YES_ERROR;
				GCC_WARN_UNDECLARED_SELECTOR = YES;
				GCC_WARN_UNINITIALIZED_AUTOS = YES_AGGRESSIVE;
				GCC_WARN_UNUSED_FUNCTION = YES;
				GCC_WARN_UNUSED_VARIABLE = YES;
				IPHONEOS_DEPLOYMENT_TARGET = 12.4;
				MTL_ENABLE_DEBUG_INFO = INCLUDE_SOURCE;
				MTL_FAST_MATH = YES;
				ONLY_ACTIVE_ARCH = YES;
				SDKROOT = iphoneos;
				SWIFT_ACTIVE_COMPILATION_CONDITIONS = DEBUG;
				SWIFT_OPTIMIZATION_LEVEL = "-Onone";
			};
			name = Debug;
		};
		E6F1541823195B2E00AE5316 /* Release */ = {
			isa = XCBuildConfiguration;
			buildSettings = {
				ALWAYS_SEARCH_USER_PATHS = NO;
				CLANG_ANALYZER_NONNULL = YES;
				CLANG_ANALYZER_NUMBER_OBJECT_CONVERSION = YES_AGGRESSIVE;
				CLANG_CXX_LANGUAGE_STANDARD = "gnu++14";
				CLANG_CXX_LIBRARY = "libc++";
				CLANG_ENABLE_MODULES = YES;
				CLANG_ENABLE_OBJC_ARC = YES;
				CLANG_ENABLE_OBJC_WEAK = YES;
				CLANG_WARN_BLOCK_CAPTURE_AUTORELEASING = YES;
				CLANG_WARN_BOOL_CONVERSION = YES;
				CLANG_WARN_COMMA = YES;
				CLANG_WARN_CONSTANT_CONVERSION = YES;
				CLANG_WARN_DEPRECATED_OBJC_IMPLEMENTATIONS = YES;
				CLANG_WARN_DIRECT_OBJC_ISA_USAGE = YES_ERROR;
				CLANG_WARN_DOCUMENTATION_COMMENTS = YES;
				CLANG_WARN_EMPTY_BODY = YES;
				CLANG_WARN_ENUM_CONVERSION = YES;
				CLANG_WARN_INFINITE_RECURSION = YES;
				CLANG_WARN_INT_CONVERSION = YES;
				CLANG_WARN_NON_LITERAL_NULL_CONVERSION = YES;
				CLANG_WARN_OBJC_IMPLICIT_RETAIN_SELF = YES;
				CLANG_WARN_OBJC_LITERAL_CONVERSION = YES;
				CLANG_WARN_OBJC_ROOT_CLASS = YES_ERROR;
				CLANG_WARN_RANGE_LOOP_ANALYSIS = YES;
				CLANG_WARN_STRICT_PROTOTYPES = YES;
				CLANG_WARN_SUSPICIOUS_MOVE = YES;
				CLANG_WARN_UNGUARDED_AVAILABILITY = YES_AGGRESSIVE;
				CLANG_WARN_UNREACHABLE_CODE = YES;
				CLANG_WARN__DUPLICATE_METHOD_MATCH = YES;
				CODE_SIGN_IDENTITY = "iPhone Developer";
				COPY_PHASE_STRIP = NO;
				DEBUG_INFORMATION_FORMAT = "dwarf-with-dsym";
				ENABLE_NS_ASSERTIONS = NO;
				ENABLE_STRICT_OBJC_MSGSEND = YES;
				GCC_C_LANGUAGE_STANDARD = gnu11;
				GCC_NO_COMMON_BLOCKS = YES;
				GCC_WARN_64_TO_32_BIT_CONVERSION = YES;
				GCC_WARN_ABOUT_RETURN_TYPE = YES_ERROR;
				GCC_WARN_UNDECLARED_SELECTOR = YES;
				GCC_WARN_UNINITIALIZED_AUTOS = YES_AGGRESSIVE;
				GCC_WARN_UNUSED_FUNCTION = YES;
				GCC_WARN_UNUSED_VARIABLE = YES;
				IPHONEOS_DEPLOYMENT_TARGET = 12.4;
				MTL_ENABLE_DEBUG_INFO = NO;
				MTL_FAST_MATH = YES;
				SDKROOT = iphoneos;
				SWIFT_COMPILATION_MODE = wholemodule;
				SWIFT_OPTIMIZATION_LEVEL = "-O";
				VALIDATE_PRODUCT = YES;
			};
			name = Release;
		};
		E6F1541A23195B2E00AE5316 /* Debug */ = {
			isa = XCBuildConfiguration;
			buildSettings = {
				ASSETCATALOG_COMPILER_APPICON_NAME = AppIcon;
				CODE_SIGN_STYLE = Automatic;
				DEVELOPMENT_TEAM = 2427AM2VGT;
				INFOPLIST_FILE = DataStoreTrial/Info.plist;
				LD_RUNPATH_SEARCH_PATHS = (
					"$(inherited)",
					"@executable_path/Frameworks",
				);
				PRODUCT_BUNDLE_IDENTIFIER = net.tayutaedomo.datastoretrial;
				PRODUCT_NAME = "$(TARGET_NAME)";
				SWIFT_VERSION = 5.0;
				TARGETED_DEVICE_FAMILY = "1,2";
			};
			name = Debug;
		};
		E6F1541B23195B2E00AE5316 /* Release */ = {
			isa = XCBuildConfiguration;
			buildSettings = {
				ASSETCATALOG_COMPILER_APPICON_NAME = AppIcon;
				CODE_SIGN_STYLE = Automatic;
				DEVELOPMENT_TEAM = 2427AM2VGT;
				INFOPLIST_FILE = DataStoreTrial/Info.plist;
				LD_RUNPATH_SEARCH_PATHS = (
					"$(inherited)",
					"@executable_path/Frameworks",
				);
				PRODUCT_BUNDLE_IDENTIFIER = net.tayutaedomo.datastoretrial;
				PRODUCT_NAME = "$(TARGET_NAME)";
				SWIFT_VERSION = 5.0;
				TARGETED_DEVICE_FAMILY = "1,2";
			};
			name = Release;
		};
		E6F1541D23195B2E00AE5316 /* Debug */ = {
			isa = XCBuildConfiguration;
			buildSettings = {
				ALWAYS_EMBED_SWIFT_STANDARD_LIBRARIES = YES;
				BUNDLE_LOADER = "$(TEST_HOST)";
				CODE_SIGN_STYLE = Automatic;
				DEVELOPMENT_TEAM = 2427AM2VGT;
				INFOPLIST_FILE = DataStoreTrialTests/Info.plist;
				LD_RUNPATH_SEARCH_PATHS = (
					"$(inherited)",
					"@executable_path/Frameworks",
					"@loader_path/Frameworks",
				);
				PRODUCT_BUNDLE_IDENTIFIER = net.tayutaedomo.DataStoreTrialTests;
				PRODUCT_NAME = "$(TARGET_NAME)";
				SWIFT_VERSION = 5.0;
				TARGETED_DEVICE_FAMILY = "1,2";
				TEST_HOST = "$(BUILT_PRODUCTS_DIR)/DataStoreTrial.app/DataStoreTrial";
			};
			name = Debug;
		};
		E6F1541E23195B2E00AE5316 /* Release */ = {
			isa = XCBuildConfiguration;
			buildSettings = {
				ALWAYS_EMBED_SWIFT_STANDARD_LIBRARIES = YES;
				BUNDLE_LOADER = "$(TEST_HOST)";
				CODE_SIGN_STYLE = Automatic;
				DEVELOPMENT_TEAM = 2427AM2VGT;
				INFOPLIST_FILE = DataStoreTrialTests/Info.plist;
				LD_RUNPATH_SEARCH_PATHS = (
					"$(inherited)",
					"@executable_path/Frameworks",
					"@loader_path/Frameworks",
				);
				PRODUCT_BUNDLE_IDENTIFIER = net.tayutaedomo.DataStoreTrialTests;
				PRODUCT_NAME = "$(TARGET_NAME)";
				SWIFT_VERSION = 5.0;
				TARGETED_DEVICE_FAMILY = "1,2";
				TEST_HOST = "$(BUILT_PRODUCTS_DIR)/DataStoreTrial.app/DataStoreTrial";
			};
			name = Release;
		};
/* End XCBuildConfiguration section */

/* Begin XCConfigurationList section */
		E6F153F523195B2D00AE5316 /* Build configuration list for PBXProject "DataStoreTrial" */ = {
			isa = XCConfigurationList;
			buildConfigurations = (
				E6F1541723195B2E00AE5316 /* Debug */,
				E6F1541823195B2E00AE5316 /* Release */,
			);
			defaultConfigurationIsVisible = 0;
			defaultConfigurationName = Release;
		};
		E6F1541923195B2E00AE5316 /* Build configuration list for PBXNativeTarget "DataStoreTrial" */ = {
			isa = XCConfigurationList;
			buildConfigurations = (
				E6F1541A23195B2E00AE5316 /* Debug */,
				E6F1541B23195B2E00AE5316 /* Release */,
			);
			defaultConfigurationIsVisible = 0;
			defaultConfigurationName = Release;
		};
		E6F1541C23195B2E00AE5316 /* Build configuration list for PBXNativeTarget "DataStoreTrialTests" */ = {
			isa = XCConfigurationList;
			buildConfigurations = (
				E6F1541D23195B2E00AE5316 /* Debug */,
				E6F1541E23195B2E00AE5316 /* Release */,
			);
			defaultConfigurationIsVisible = 0;
			defaultConfigurationName = Release;
		};
/* End XCConfigurationList section */
	};
	rootObject = E6F153F223195B2D00AE5316 /* Project object */;
}
